
Microsoft Visual Studio Solution File, Format Version 12.00
# Visual Studio Version 17
VisualStudioVersion = 17.7.34221.43
MinimumVisualStudioVersion = 10.0.40219.1
Project("{FAE04EC0-301F-11D3-BF4B-00C04F79EFBC}") = "Structures", "Structures\Structures.csproj", "{93963279-2853-40F5-8205-7A322282C487}"
EndProject
Global
	GlobalSection(SolutionConfigurationPlatforms) = preSolution
		Debug|Any CPU = Debug|Any CPU
		Release|Any CPU = Release|Any CPU
	EndGlobalSection
	GlobalSection(ProjectConfigurationPlatforms) = postSolution
		{93963279-2853-40F5-8205-7A322282C487}.Debug|Any CPU.ActiveCfg = Debug|Any CPU
		{93963279-2853-40F5-8205-7A322282C487}.Debug|Any CPU.Build.0 = Debug|Any CPU
		{93963279-2853-40F5-8205-7A322282C487}.Release|Any CPU.ActiveCfg = Release|Any CPU
		{93963279-2853-40F5-8205-7A322282C487}.Release|Any CPU.Build.0 = Release|Any CPU
	EndGlobalSection
	GlobalSection(SolutionProperties) = preSolution
		HideSolutionNode = FALSE
	EndGlobalSection
	GlobalSection(ExtensibilityGlobals) = postSolution
		SolutionGuid = {EC5043F7-95CD-42D5-8756-D1C06163D29C}
	EndGlobalSection
EndGlobal
